// !$*UTF8*$!
{
	archiveVersion = 1;
	classes = {
	};
	objectVersion = 56;
	objects = {

/* Begin PBXBuildFile section */
		6327744729DC4BDC00D22DFB /* PinshApp.swift in Sources */ = {isa = PBXBuildFile; fileRef = 6327744629DC4BDC00D22DFB /* PinshApp.swift */; };
		6327744929DC4BDC00D22DFB /* ContentView.swift in Sources */ = {isa = PBXBuildFile; fileRef = 6327744829DC4BDC00D22DFB /* ContentView.swift */; };
		6327744B29DC4BDE00D22DFB /* Assets.xcassets in Resources */ = {isa = PBXBuildFile; fileRef = 6327744A29DC4BDE00D22DFB /* Assets.xcassets */; };
		6327744E29DC4BDE00D22DFB /* Preview Assets.xcassets in Resources */ = {isa = PBXBuildFile; fileRef = 6327744D29DC4BDE00D22DFB /* Preview Assets.xcassets */; };
		6327745929DC5FEA00D22DFB /* InfoPanelView.swift in Sources */ = {isa = PBXBuildFile; fileRef = 6327745829DC5FEA00D22DFB /* InfoPanelView.swift */; };
		6327745B29DC6D3700D22DFB /* ControlImageView.swift in Sources */ = {isa = PBXBuildFile; fileRef = 6327745A29DC6D3700D22DFB /* ControlImageView.swift */; };
		6327745D29DC95CB00D22DFB /* PageModel.swift in Sources */ = {isa = PBXBuildFile; fileRef = 6327745C29DC95CB00D22DFB /* PageModel.swift */; };
		6327745F29DC966C00D22DFB /* PageData.swift in Sources */ = {isa = PBXBuildFile; fileRef = 6327745E29DC966C00D22DFB /* PageData.swift */; };
/* End PBXBuildFile section */

/* Begin PBXFileReference section */
		6327744329DC4BDC00D22DFB /* Pinsh.app */ = {isa = PBXFileReference; explicitFileType = wrapper.application; includeInIndex = 0; path = Pinsh.app; sourceTree = BUILT_PRODUCTS_DIR; };
		6327744629DC4BDC00D22DFB /* PinshApp.swift */ = {isa = PBXFileReference; lastKnownFileType = sourcecode.swift; path = PinshApp.swift; sourceTree = "<group>"; };
		6327744829DC4BDC00D22DFB /* ContentView.swift */ = {isa = PBXFileReference; lastKnownFileType = sourcecode.swift; path = ContentView.swift; sourceTree = "<group>"; };
		6327744A29DC4BDE00D22DFB /* Assets.xcassets */ = {isa = PBXFileReference; lastKnownFileType = folder.assetcatalog; path = Assets.xcassets; sourceTree = "<group>"; };
		6327744D29DC4BDE00D22DFB /* Preview Assets.xcassets */ = {isa = PBXFileReference; lastKnownFileType = folder.assetcatalog; path = "Preview Assets.xcassets"; sourceTree = "<group>"; };
		6327745829DC5FEA00D22DFB /* InfoPanelView.swift */ = {isa = PBXFileReference; lastKnownFileType = sourcecode.swift; path = InfoPanelView.swift; sourceTree = "<group>"; };
		6327745A29DC6D3700D22DFB /* ControlImageView.swift */ = {isa = PBXFileReference; lastKnownFileType = sourcecode.swift; path = ControlImageView.swift; sourceTree = "<group>"; };
		6327745C29DC95CB00D22DFB /* PageModel.swift */ = {isa = PBXFileReference; lastKnownFileType = sourcecode.swift; path = PageModel.swift; sourceTree = "<group>"; };
		6327745E29DC966C00D22DFB /* PageData.swift */ = {isa = PBXFileReference; lastKnownFileType = sourcecode.swift; path = PageData.swift; sourceTree = "<group>"; };
/* End PBXFileReference section */

/* Begin PBXFrameworksBuildPhase section */
		6327744029DC4BDC00D22DFB /* Frameworks */ = {
			isa = PBXFrameworksBuildPhase;
			buildActionMask = 2147483647;
			files = (
			);
			runOnlyForDeploymentPostprocessing = 0;
		};
/* End PBXFrameworksBuildPhase section */

/* Begin PBXGroup section */
		6327743A29DC4BDC00D22DFB = {
			isa = PBXGroup;
			children = (
				6327744529DC4BDC00D22DFB /* Pinsh */,
				6327744429DC4BDC00D22DFB /* Products */,
			);
			sourceTree = "<group>";
		};
		6327744429DC4BDC00D22DFB /* Products */ = {
			isa = PBXGroup;
			children = (
				6327744329DC4BDC00D22DFB /* Pinsh.app */,
			);
			name = Products;
			sourceTree = "<group>";
		};
		6327744529DC4BDC00D22DFB /* Pinsh */ = {
			isa = PBXGroup;
			children = (
				6327745629DC4C0400D22DFB /* Data */,
				6327745529DC4BFA00D22DFB /* Model */,
				6327745429DC4BEF00D22DFB /* View */,
				6327745729DC4C0C00D22DFB /* Screens */,
				6327744629DC4BDC00D22DFB /* PinshApp.swift */,
				6327744A29DC4BDE00D22DFB /* Assets.xcassets */,
				6327744C29DC4BDE00D22DFB /* Preview Content */,
			);
			path = Pinsh;
			sourceTree = "<group>";
		};
		6327744C29DC4BDE00D22DFB /* Preview Content */ = {
			isa = PBXGroup;
			children = (
				6327744D29DC4BDE00D22DFB /* Preview Assets.xcassets */,
			);
			path = "Preview Content";
			sourceTree = "<group>";
		};
		6327745429DC4BEF00D22DFB /* View */ = {
			isa = PBXGroup;
			children = (
				6327745829DC5FEA00D22DFB /* InfoPanelView.swift */,
				6327745A29DC6D3700D22DFB /* ControlImageView.swift */,
			);
			path = View;
			sourceTree = "<group>";
		};
		6327745529DC4BFA00D22DFB /* Model */ = {
			isa = PBXGroup;
			children = (
				6327745C29DC95CB00D22DFB /* PageModel.swift */,
			);
			path = Model;
			sourceTree = "<group>";
		};
		6327745629DC4C0400D22DFB /* Data */ = {
			isa = PBXGroup;
			children = (
				6327745E29DC966C00D22DFB /* PageData.swift */,
			);
			path = Data;
			sourceTree = "<group>";
		};
		6327745729DC4C0C00D22DFB /* Screens */ = {
			isa = PBXGroup;
			children = (
				6327744829DC4BDC00D22DFB /* ContentView.swift */,
			);
			path = Screens;
			sourceTree = "<group>";
		};
/* End PBXGroup section */

/* Begin PBXNativeTarget section */
		6327744229DC4BDC00D22DFB /* Pinsh */ = {
			isa = PBXNativeTarget;
			buildConfigurationList = 6327745129DC4BDE00D22DFB /* Build configuration list for PBXNativeTarget "Pinsh" */;
			buildPhases = (
				6327743F29DC4BDC00D22DFB /* Sources */,
				6327744029DC4BDC00D22DFB /* Frameworks */,
				6327744129DC4BDC00D22DFB /* Resources */,
			);
			buildRules = (
			);
			dependencies = (
			);
			name = Pinsh;
			productName = Pinsh;
			productReference = 6327744329DC4BDC00D22DFB /* Pinsh.app */;
			productType = "com.apple.product-type.application";
		};
/* End PBXNativeTarget section */

/* Begin PBXProject section */
		6327743B29DC4BDC00D22DFB /* Project object */ = {
			isa = PBXProject;
			attributes = {
				BuildIndependentTargetsInParallel = 1;
				LastSwiftUpdateCheck = 1420;
				LastUpgradeCheck = 1420;
				TargetAttributes = {
					6327744229DC4BDC00D22DFB = {
						CreatedOnToolsVersion = 14.2;
					};
				};
			};
			buildConfigurationList = 6327743E29DC4BDC00D22DFB /* Build configuration list for PBXProject "Pinsh" */;
			compatibilityVersion = "Xcode 14.0";
			developmentRegion = en;
			hasScannedForEncodings = 0;
			knownRegions = (
				en,
				Base,
			);
			mainGroup = 6327743A29DC4BDC00D22DFB;
			productRefGroup = 6327744429DC4BDC00D22DFB /* Products */;
			projectDirPath = "";
			projectRoot = "";
			targets = (
				6327744229DC4BDC00D22DFB /* Pinsh */,
			);
		};
/* End PBXProject section */

/* Begin PBXResourcesBuildPhase section */
		6327744129DC4BDC00D22DFB /* Resources */ = {
			isa = PBXResourcesBuildPhase;
			buildActionMask = 2147483647;
			files = (
				6327744E29DC4BDE00D22DFB /* Preview Assets.xcassets in Resources */,
				6327744B29DC4BDE00D22DFB /* Assets.xcassets in Resources */,
			);
			runOnlyForDeploymentPostprocessing = 0;
		};
/* End PBXResourcesBuildPhase section */

/* Begin PBXSourcesBuildPhase section */
		6327743F29DC4BDC00D22DFB /* Sources */ = {
			isa = PBXSourcesBuildPhase;
			buildActionMask = 2147483647;
			files = (
				6327745B29DC6D3700D22DFB /* ControlImageView.swift in Sources */,
				6327745D29DC95CB00D22DFB /* PageModel.swift in Sources */,
				6327744929DC4BDC00D22DFB /* ContentView.swift in Sources */,
				6327744729DC4BDC00D22DFB /* PinshApp.swift in Sources */,
				6327745F29DC966C00D22DFB /* PageData.swift in Sources */,
				6327745929DC5FEA00D22DFB /* InfoPanelView.swift in Sources */,
			);
			runOnlyForDeploymentPostprocessing = 0;
		};
/* End PBXSourcesBuildPhase section */

/* Begin XCBuildConfiguration section */
		6327744F29DC4BDE00D22DFB /* Debug */ = {
			isa = XCBuildConfiguration;
			buildSettings = {
				ALWAYS_SEARCH_USER_PATHS = NO;
				CLANG_ANALYZER_NONNULL = YES;
				CLANG_ANALYZER_NUMBER_OBJECT_CONVERSION = YES_AGGRESSIVE;
				CLANG_CXX_LANGUAGE_STANDARD = "gnu++20";
				CLANG_ENABLE_MODULES = YES;
				CLANG_ENABLE_OBJC_ARC = YES;
				CLANG_ENABLE_OBJC_WEAK = YES;
				CLANG_WARN_BLOCK_CAPTURE_AUTORELEASING = YES;
				CLANG_WARN_BOOL_CONVERSION = YES;
				CLANG_WARN_COMMA = YES;
				CLANG_WARN_CONSTANT_CONVERSION = YES;
				CLANG_WARN_DEPRECATED_OBJC_IMPLEMENTATIONS = YES;
				CLANG_WARN_DIRECT_OBJC_ISA_USAGE = YES_ERROR;
				CLANG_WARN_DOCUMENTATION_COMMENTS = YES;
				CLANG_WARN_EMPTY_BODY = YES;
				CLANG_WARN_ENUM_CONVERSION = YES;
				CLANG_WARN_INFINITE_RECURSION = YES;
				CLANG_WARN_INT_CONVERSION = YES;
				CLANG_WARN_NON_LITERAL_NULL_CONVERSION = YES;
				CLANG_WARN_OBJC_IMPLICIT_RETAIN_SELF = YES;
				CLANG_WARN_OBJC_LITERAL_CONVERSION = YES;
				CLANG_WARN_OBJC_ROOT_CLASS = YES_ERROR;
				CLANG_WARN_QUOTED_INCLUDE_IN_FRAMEWORK_HEADER = YES;
				CLANG_WARN_RANGE_LOOP_ANALYSIS = YES;
				CLANG_WARN_STRICT_PROTOTYPES = YES;
				CLANG_WARN_SUSPICIOUS_MOVE = YES;
				CLANG_WARN_UNGUARDED_AVAILABILITY = YES_AGGRESSIVE;
				CLANG_WARN_UNREACHABLE_CODE = YES;
				CLANG_WARN__DUPLICATE_METHOD_MATCH = YES;
				COPY_PHASE_STRIP = NO;
				DEBUG_INFORMATION_FORMAT = dwarf;
				ENABLE_STRICT_OBJC_MSGSEND = YES;
				ENABLE_TESTABILITY = YES;
				GCC_C_LANGUAGE_STANDARD = gnu11;
				GCC_DYNAMIC_NO_PIC = NO;
				GCC_NO_COMMON_BLOCKS = YES;
				GCC_OPTIMIZATION_LEVEL = 0;
				GCC_PREPROCESSOR_DEFINITIONS = (
					"DEBUG=1",
					"$(inherited)",
				);
				GCC_WARN_64_TO_32_BIT_CONVERSION = YES;
				GCC_WARN_ABOUT_RETURN_TYPE = YES_ERROR;
				GCC_WARN_UNDECLARED_SELECTOR = YES;
				GCC_WARN_UNINITIALIZED_AUTOS = YES_AGGRESSIVE;
				GCC_WARN_UNUSED_FUNCTION = YES;
				GCC_WARN_UNUSED_VARIABLE = YES;
				IPHONEOS_DEPLOYMENT_TARGET = 16.2;
				MTL_ENABLE_DEBUG_INFO = INCLUDE_SOURCE;
				MTL_FAST_MATH = YES;
				ONLY_ACTIVE_ARCH = YES;
				SDKROOT = iphoneos;
				SWIFT_ACTIVE_COMPILATION_CONDITIONS = DEBUG;
				SWIFT_OPTIMIZATION_LEVEL = "-Onone";
			};
			name = Debug;
		};
		6327745029DC4BDE00D22DFB /* Release */ = {
			isa = XCBuildConfiguration;
			buildSettings = {
				ALWAYS_SEARCH_USER_PATHS = NO;
				CLANG_ANALYZER_NONNULL = YES;
				CLANG_ANALYZER_NUMBER_OBJECT_CONVERSION = YES_AGGRESSIVE;
				CLANG_CXX_LANGUAGE_STANDARD = "gnu++20";
				CLANG_ENABLE_MODULES = YES;
				CLANG_ENABLE_OBJC_ARC = YES;
				CLANG_ENABLE_OBJC_WEAK = YES;
				CLANG_WARN_BLOCK_CAPTURE_AUTORELEASING = YES;
				CLANG_WARN_BOOL_CONVERSION = YES;
				CLANG_WARN_COMMA = YES;
				CLANG_WARN_CONSTANT_CONVERSION = YES;
				CLANG_WARN_DEPRECATED_OBJC_IMPLEMENTATIONS = YES;
				CLANG_WARN_DIRECT_OBJC_ISA_USAGE = YES_ERROR;
				CLANG_WARN_DOCUMENTATION_COMMENTS = YES;
				CLANG_WARN_EMPTY_BODY = YES;
				CLANG_WARN_ENUM_CONVERSION = YES;
				CLANG_WARN_INFINITE_RECURSION = YES;
				CLANG_WARN_INT_CONVERSION = YES;
				CLANG_WARN_NON_LITERAL_NULL_CONVERSION = YES;
				CLANG_WARN_OBJC_IMPLICIT_RETAIN_SELF = YES;
				CLANG_WARN_OBJC_LITERAL_CONVERSION = YES;
				CLANG_WARN_OBJC_ROOT_CLASS = YES_ERROR;
				CLANG_WARN_QUOTED_INCLUDE_IN_FRAMEWORK_HEADER = YES;
				CLANG_WARN_RANGE_LOOP_ANALYSIS = YES;
				CLANG_WARN_STRICT_PROTOTYPES = YES;
				CLANG_WARN_SUSPICIOUS_MOVE = YES;
				CLANG_WARN_UNGUARDED_AVAILABILITY = YES_AGGRESSIVE;
				CLANG_WARN_UNREACHABLE_CODE = YES;
				CLANG_WARN__DUPLICATE_METHOD_MATCH = YES;
				COPY_PHASE_STRIP = NO;
				DEBUG_INFORMATION_FORMAT = "dwarf-with-dsym";
				ENABLE_NS_ASSERTIONS = NO;
				ENABLE_STRICT_OBJC_MSGSEND = YES;
				GCC_C_LANGUAGE_STANDARD = gnu11;
				GCC_NO_COMMON_BLOCKS = YES;
				GCC_WARN_64_TO_32_BIT_CONVERSION = YES;
				GCC_WARN_ABOUT_RETURN_TYPE = YES_ERROR;
				GCC_WARN_UNDECLARED_SELECTOR = YES;
				GCC_WARN_UNINITIALIZED_AUTOS = YES_AGGRESSIVE;
				GCC_WARN_UNUSED_FUNCTION = YES;
				GCC_WARN_UNUSED_VARIABLE = YES;
				IPHONEOS_DEPLOYMENT_TARGET = 16.2;
				MTL_ENABLE_DEBUG_INFO = NO;
				MTL_FAST_MATH = YES;
				SDKROOT = iphoneos;
				SWIFT_COMPILATION_MODE = wholemodule;
				SWIFT_OPTIMIZATION_LEVEL = "-O";
				VALIDATE_PRODUCT = YES;
			};
			name = Release;
		};
		6327745229DC4BDE00D22DFB /* Debug */ = {
			isa = XCBuildConfiguration;
			buildSettings = {
				ASSETCATALOG_COMPILER_APPICON_NAME = AppIcon;
				ASSETCATALOG_COMPILER_GLOBAL_ACCENT_COLOR_NAME = AccentColor;
				CODE_SIGN_STYLE = Automatic;
				CURRENT_PROJECT_VERSION = 1;
				DEVELOPMENT_ASSET_PATHS = "\"Pinsh/Preview Content\"";
				DEVELOPMENT_TEAM = 4GT4BFW9QG;
				ENABLE_PREVIEWS = YES;
				GENERATE_INFOPLIST_FILE = YES;
				INFOPLIST_KEY_UIApplicationSceneManifest_Generation = YES;
				INFOPLIST_KEY_UIApplicationSupportsIndirectInputEvents = YES;
				INFOPLIST_KEY_UILaunchScreen_Generation = YES;
				INFOPLIST_KEY_UISupportedInterfaceOrientations_iPad = "UIInterfaceOrientationPortrait UIInterfaceOrientationPortraitUpsideDown UIInterfaceOrientationLandscapeLeft UIInterfaceOrientationLandscapeRight";
				INFOPLIST_KEY_UISupportedInterfaceOrientations_iPhone = UIInterfaceOrientationPortrait;
				LD_RUNPATH_SEARCH_PATHS = (
					"$(inherited)",
					"@executable_path/Frameworks",
				);
				MARKETING_VERSION = 1.0;
				PRODUCT_BUNDLE_IDENTIFIER = shehab.org.Pinsh;
				PRODUCT_NAME = "$(TARGET_NAME)";
				SWIFT_EMIT_LOC_STRINGS = YES;
				SWIFT_VERSION = 5.0;
				TARGETED_DEVICE_FAMILY = "1,2";
			};
			name = Debug;
		};
		6327745329DC4BDE00D22DFB /* Release */ = {
			isa = XCBuildConfiguration;
			buildSettings = {
				ASSETCATALOG_COMPILER_APPICON_NAME = AppIcon;
				ASSETCATALOG_COMPILER_GLOBAL_ACCENT_COLOR_NAME = AccentColor;
				CODE_SIGN_STYLE = Automatic;
				CURRENT_PROJECT_VERSION = 1;
				DEVELOPMENT_ASSET_PATHS = "\"Pinsh/Preview Content\"";
				DEVELOPMENT_TEAM = 4GT4BFW9QG;
				ENABLE_PREVIEWS = YES;
				GENERATE_INFOPLIST_FILE = YES;
				INFOPLIST_KEY_UIApplicationSceneManifest_Generation = YES;
				INFOPLIST_KEY_UIApplicationSupportsIndirectInputEvents = YES;
				INFOPLIST_KEY_UILaunchScreen_Generation = YES;
				INFOPLIST_KEY_UISupportedInterfaceOrientations_iPad = "UIInterfaceOrientationPortrait UIInterfaceOrientationPortraitUpsideDown UIInterfaceOrientationLandscapeLeft UIInterfaceOrientationLandscapeRight";
				INFOPLIST_KEY_UISupportedInterfaceOrientations_iPhone = UIInterfaceOrientationPortrait;
				LD_RUNPATH_SEARCH_PATHS = (
					"$(inherited)",
					"@executable_path/Frameworks",
				);
				MARKETING_VERSION = 1.0;
				PRODUCT_BUNDLE_IDENTIFIER = shehab.org.Pinsh;
				PRODUCT_NAME = "$(TARGET_NAME)";
				SWIFT_EMIT_LOC_STRINGS = YES;
				SWIFT_VERSION = 5.0;
				TARGETED_DEVICE_FAMILY = "1,2";
			};
			name = Release;
		};
/* End XCBuildConfiguration section */

/* Begin XCConfigurationList section */
		6327743E29DC4BDC00D22DFB /* Build configuration list for PBXProject "Pinsh" */ = {
			isa = XCConfigurationList;
			buildConfigurations = (
				6327744F29DC4BDE00D22DFB /* Debug */,
				6327745029DC4BDE00D22DFB /* Release */,
			);
			defaultConfigurationIsVisible = 0;
			defaultConfigurationName = Release;
		};
		6327745129DC4BDE00D22DFB /* Build configuration list for PBXNativeTarget "Pinsh" */ = {
			isa = XCConfigurationList;
			buildConfigurations = (
				6327745229DC4BDE00D22DFB /* Debug */,
				6327745329DC4BDE00D22DFB /* Release */,
			);
			defaultConfigurationIsVisible = 0;
			defaultConfigurationName = Release;
		};
/* End XCConfigurationList section */
	};
	rootObject = 6327743B29DC4BDC00D22DFB /* Project object */;
}
